
Microsoft Visual Studio Solution File, Format Version 12.00
# Visual Studio 15
VisualStudioVersion = 15.0.27428.2037
MinimumVisualStudioVersion = 10.0.40219.1
Project("{FAE04EC0-301F-11D3-BF4B-00C04F79EFBC}") = "2minTest", "2minTest\2minTest.csproj", "{571CD020-3155-4A2D-ABA7-70E330D9EB1E}"
EndProject
Global
	GlobalSection(SolutionConfigurationPlatforms) = preSolution
		Debug|Any CPU = Debug|Any CPU
		Release|Any CPU = Release|Any CPU
	EndGlobalSection
	GlobalSection(ProjectConfigurationPlatforms) = postSolution
		{571CD020-3155-4A2D-ABA7-70E330D9EB1E}.Debug|Any CPU.ActiveCfg = Debug|Any CPU
		{571CD020-3155-4A2D-ABA7-70E330D9EB1E}.Debug|Any CPU.Build.0 = Debug|Any CPU
		{571CD020-3155-4A2D-ABA7-70E330D9EB1E}.Release|Any CPU.ActiveCfg = Release|Any CPU
		{571CD020-3155-4A2D-ABA7-70E330D9EB1E}.Release|Any CPU.Build.0 = Release|Any CPU
	EndGlobalSection
	GlobalSection(SolutionProperties) = preSolution
		HideSolutionNode = FALSE
	EndGlobalSection
	GlobalSection(ExtensibilityGlobals) = postSolution
		SolutionGuid = {E0DA7E31-AFB0-42AF-8890-91FC74D45F6E}
	EndGlobalSection
EndGlobal
