
Microsoft Visual Studio Solution File, Format Version 12.00
# Visual Studio 15
VisualStudioVersion = 15.0.27428.2037
MinimumVisualStudioVersion = 10.0.40219.1
Project("{FAE04EC0-301F-11D3-BF4B-00C04F79EFBC}") = "CarReg08032018", "CarReg08032018\CarReg08032018.csproj", "{F69A60F4-0628-4653-99AA-FDA56BD92C92}"
EndProject
Global
	GlobalSection(SolutionConfigurationPlatforms) = preSolution
		Debug|Any CPU = Debug|Any CPU
		Release|Any CPU = Release|Any CPU
	EndGlobalSection
	GlobalSection(ProjectConfigurationPlatforms) = postSolution
		{F69A60F4-0628-4653-99AA-FDA56BD92C92}.Debug|Any CPU.ActiveCfg = Debug|Any CPU
		{F69A60F4-0628-4653-99AA-FDA56BD92C92}.Debug|Any CPU.Build.0 = Debug|Any CPU
		{F69A60F4-0628-4653-99AA-FDA56BD92C92}.Release|Any CPU.ActiveCfg = Release|Any CPU
		{F69A60F4-0628-4653-99AA-FDA56BD92C92}.Release|Any CPU.Build.0 = Release|Any CPU
	EndGlobalSection
	GlobalSection(SolutionProperties) = preSolution
		HideSolutionNode = FALSE
	EndGlobalSection
	GlobalSection(ExtensibilityGlobals) = postSolution
		SolutionGuid = {D35540DB-A2FD-49CF-8D1E-11FB2CF20F92}
	EndGlobalSection
EndGlobal
